
Microsoft Visual Studio Solution File, Format Version 12.00
# Visual Studio Version 17
VisualStudioVersion = 17.9.34728.123
MinimumVisualStudioVersion = 10.0.40219.1
Project("{8BC9CEB8-8B4A-11D0-8D11-00A0C91BC942}") = "7-3 Project Three Submission", "7-3 Project Three Submission\7-3 Project Three Submission.vcxproj", "{CD73CFCA-857C-418D-BBC4-26161BB6AFA9}"
EndProject
Global
	GlobalSection(SolutionConfigurationPlatforms) = preSolution
		Debug|x64 = Debug|x64
		Debug|x86 = Debug|x86
		Release|x64 = Release|x64
		Release|x86 = Release|x86
	EndGlobalSection
	GlobalSection(ProjectConfigurationPlatforms) = postSolution
		{CD73CFCA-857C-418D-BBC4-26161BB6AFA9}.Debug|x64.ActiveCfg = Debug|x64
		{CD73CFCA-857C-418D-BBC4-26161BB6AFA9}.Debug|x64.Build.0 = Debug|x64
		{CD73CFCA-857C-418D-BBC4-26161BB6AFA9}.Debug|x86.ActiveCfg = Debug|Win32
		{CD73CFCA-857C-418D-BBC4-26161BB6AFA9}.Debug|x86.Build.0 = Debug|Win32
		{CD73CFCA-857C-418D-BBC4-26161BB6AFA9}.Release|x64.ActiveCfg = Release|x64
		{CD73CFCA-857C-418D-BBC4-26161BB6AFA9}.Release|x64.Build.0 = Release|x64
		{CD73CFCA-857C-418D-BBC4-26161BB6AFA9}.Release|x86.ActiveCfg = Release|Win32
		{CD73CFCA-857C-418D-BBC4-26161BB6AFA9}.Release|x86.Build.0 = Release|Win32
	EndGlobalSection
	GlobalSection(SolutionProperties) = preSolution
		HideSolutionNode = FALSE
	EndGlobalSection
	GlobalSection(ExtensibilityGlobals) = postSolution
		SolutionGuid = {B0EED97B-079F-4A89-AB55-CE541A61A1DF}
	EndGlobalSection
EndGlobal
